
Microsoft Visual Studio Solution File, Format Version 12.00
# Visual Studio Version 17
VisualStudioVersion = 17.0.32014.148
MinimumVisualStudioVersion = 10.0.40219.1
Project("{FAE04EC0-301F-11D3-BF4B-00C04F79EFBC}") = "BasicCalculator1", "BasicCalculator1\BasicCalculator1.csproj", "{62018735-D32C-4473-8131-D373FA445771}"
EndProject
Global
	GlobalSection(SolutionConfigurationPlatforms) = preSolution
		Debug|Any CPU = Debug|Any CPU
		Release|Any CPU = Release|Any CPU
	EndGlobalSection
	GlobalSection(ProjectConfigurationPlatforms) = postSolution
		{62018735-D32C-4473-8131-D373FA445771}.Debug|Any CPU.ActiveCfg = Debug|Any CPU
		{62018735-D32C-4473-8131-D373FA445771}.Debug|Any CPU.Build.0 = Debug|Any CPU
		{62018735-D32C-4473-8131-D373FA445771}.Release|Any CPU.ActiveCfg = Release|Any CPU
		{62018735-D32C-4473-8131-D373FA445771}.Release|Any CPU.Build.0 = Release|Any CPU
	EndGlobalSection
	GlobalSection(SolutionProperties) = preSolution
		HideSolutionNode = FALSE
	EndGlobalSection
	GlobalSection(ExtensibilityGlobals) = postSolution
		SolutionGuid = {EB278C89-6020-424E-89CA-42E0C5EC5B98}
	EndGlobalSection
EndGlobal
